// !$*UTF8*$!
{
	archiveVersion = 1;
	classes = {
	};
	objectVersion = 48;
	objects = {

/* Begin PBXBuildFile section */
		8FE51D96200687DE000C1110 /* AppDelegate.swift in Sources */ = {isa = PBXBuildFile; fileRef = 8FE51D95200687DE000C1110 /* AppDelegate.swift */; };
		8FE51D98200687DE000C1110 /* ViewController.swift in Sources */ = {isa = PBXBuildFile; fileRef = 8FE51D97200687DE000C1110 /* ViewController.swift */; };
		8FE51D9B200687DE000C1110 /* Main.storyboard in Resources */ = {isa = PBXBuildFile; fileRef = 8FE51D99200687DE000C1110 /* Main.storyboard */; };
		8FE51D9D200687DE000C1110 /* Assets.xcassets in Resources */ = {isa = PBXBuildFile; fileRef = 8FE51D9C200687DE000C1110 /* Assets.xcassets */; };
		8FE51DA0200687DE000C1110 /* LaunchScreen.storyboard in Resources */ = {isa = PBXBuildFile; fileRef = 8FE51D9E200687DE000C1110 /* LaunchScreen.storyboard */; };
		8FE51DAB200687DE000C1110 /* RedditTests.swift in Sources */ = {isa = PBXBuildFile; fileRef = 8FE51DAA200687DE000C1110 /* RedditTests.swift */; };
		8FE51DB6200687DE000C1110 /* RedditUITests.swift in Sources */ = {isa = PBXBuildFile; fileRef = 8FE51DB5200687DE000C1110 /* RedditUITests.swift */; };
/* End PBXBuildFile section */

/* Begin PBXContainerItemProxy section */
		8FE51DA7200687DE000C1110 /* PBXContainerItemProxy */ = {
			isa = PBXContainerItemProxy;
			containerPortal = 8FE51D8A200687DE000C1110 /* Project object */;
			proxyType = 1;
			remoteGlobalIDString = 8FE51D91200687DE000C1110;
			remoteInfo = Reddit;
		};
		8FE51DB2200687DE000C1110 /* PBXContainerItemProxy */ = {
			isa = PBXContainerItemProxy;
			containerPortal = 8FE51D8A200687DE000C1110 /* Project object */;
			proxyType = 1;
			remoteGlobalIDString = 8FE51D91200687DE000C1110;
			remoteInfo = Reddit;
		};
/* End PBXContainerItemProxy section */

/* Begin PBXFileReference section */
		8FE51D92200687DE000C1110 /* Reddit.app */ = {isa = PBXFileReference; explicitFileType = wrapper.application; includeInIndex = 0; path = Reddit.app; sourceTree = BUILT_PRODUCTS_DIR; };
		8FE51D95200687DE000C1110 /* AppDelegate.swift */ = {isa = PBXFileReference; lastKnownFileType = sourcecode.swift; path = AppDelegate.swift; sourceTree = "<group>"; };
		8FE51D97200687DE000C1110 /* ViewController.swift */ = {isa = PBXFileReference; lastKnownFileType = sourcecode.swift; path = ViewController.swift; sourceTree = "<group>"; };
		8FE51D9A200687DE000C1110 /* Base */ = {isa = PBXFileReference; lastKnownFileType = file.storyboard; name = Base; path = Base.lproj/Main.storyboard; sourceTree = "<group>"; };
		8FE51D9C200687DE000C1110 /* Assets.xcassets */ = {isa = PBXFileReference; lastKnownFileType = folder.assetcatalog; path = Assets.xcassets; sourceTree = "<group>"; };
		8FE51D9F200687DE000C1110 /* Base */ = {isa = PBXFileReference; lastKnownFileType = file.storyboard; name = Base; path = Base.lproj/LaunchScreen.storyboard; sourceTree = "<group>"; };
		8FE51DA1200687DE000C1110 /* Info.plist */ = {isa = PBXFileReference; lastKnownFileType = text.plist.xml; path = Info.plist; sourceTree = "<group>"; };
		8FE51DA6200687DE000C1110 /* RedditTests.xctest */ = {isa = PBXFileReference; explicitFileType = wrapper.cfbundle; includeInIndex = 0; path = RedditTests.xctest; sourceTree = BUILT_PRODUCTS_DIR; };
		8FE51DAA200687DE000C1110 /* RedditTests.swift */ = {isa = PBXFileReference; lastKnownFileType = sourcecode.swift; path = RedditTests.swift; sourceTree = "<group>"; };
		8FE51DAC200687DE000C1110 /* Info.plist */ = {isa = PBXFileReference; lastKnownFileType = text.plist.xml; path = Info.plist; sourceTree = "<group>"; };
		8FE51DB1200687DE000C1110 /* RedditUITests.xctest */ = {isa = PBXFileReference; explicitFileType = wrapper.cfbundle; includeInIndex = 0; path = RedditUITests.xctest; sourceTree = BUILT_PRODUCTS_DIR; };
		8FE51DB5200687DE000C1110 /* RedditUITests.swift */ = {isa = PBXFileReference; lastKnownFileType = sourcecode.swift; path = RedditUITests.swift; sourceTree = "<group>"; };
		8FE51DB7200687DE000C1110 /* Info.plist */ = {isa = PBXFileReference; lastKnownFileType = text.plist.xml; path = Info.plist; sourceTree = "<group>"; };
/* End PBXFileReference section */

/* Begin PBXFrameworksBuildPhase section */
		8FE51D8F200687DE000C1110 /* Frameworks */ = {
			isa = PBXFrameworksBuildPhase;
			buildActionMask = 2147483647;
			files = (
			);
			runOnlyForDeploymentPostprocessing = 0;
		};
		8FE51DA3200687DE000C1110 /* Frameworks */ = {
			isa = PBXFrameworksBuildPhase;
			buildActionMask = 2147483647;
			files = (
			);
			runOnlyForDeploymentPostprocessing = 0;
		};
		8FE51DAE200687DE000C1110 /* Frameworks */ = {
			isa = PBXFrameworksBuildPhase;
			buildActionMask = 2147483647;
			files = (
			);
			runOnlyForDeploymentPostprocessing = 0;
		};
/* End PBXFrameworksBuildPhase section */

/* Begin PBXGroup section */
		8FE51D89200687DE000C1110 = {
			isa = PBXGroup;
			children = (
				8FE51D94200687DE000C1110 /* Reddit */,
				8FE51DA9200687DE000C1110 /* RedditTests */,
				8FE51DB4200687DE000C1110 /* RedditUITests */,
				8FE51D93200687DE000C1110 /* Products */,
			);
			sourceTree = "<group>";
		};
		8FE51D93200687DE000C1110 /* Products */ = {
			isa = PBXGroup;
			children = (
				8FE51D92200687DE000C1110 /* Reddit.app */,
				8FE51DA6200687DE000C1110 /* RedditTests.xctest */,
				8FE51DB1200687DE000C1110 /* RedditUITests.xctest */,
			);
			name = Products;
			sourceTree = "<group>";
		};
		8FE51D94200687DE000C1110 /* Reddit */ = {
			isa = PBXGroup;
			children = (
				8FE51D95200687DE000C1110 /* AppDelegate.swift */,
				8FE51D97200687DE000C1110 /* ViewController.swift */,
				8FE51D99200687DE000C1110 /* Main.storyboard */,
				8FE51D9C200687DE000C1110 /* Assets.xcassets */,
				8FE51D9E200687DE000C1110 /* LaunchScreen.storyboard */,
				8FE51DA1200687DE000C1110 /* Info.plist */,
			);
			path = Reddit;
			sourceTree = "<group>";
		};
		8FE51DA9200687DE000C1110 /* RedditTests */ = {
			isa = PBXGroup;
			children = (
				8FE51DAA200687DE000C1110 /* RedditTests.swift */,
				8FE51DAC200687DE000C1110 /* Info.plist */,
			);
			path = RedditTests;
			sourceTree = "<group>";
		};
		8FE51DB4200687DE000C1110 /* RedditUITests */ = {
			isa = PBXGroup;
			children = (
				8FE51DB5200687DE000C1110 /* RedditUITests.swift */,
				8FE51DB7200687DE000C1110 /* Info.plist */,
			);
			path = RedditUITests;
			sourceTree = "<group>";
		};
/* End PBXGroup section */

/* Begin PBXNativeTarget section */
		8FE51D91200687DE000C1110 /* Reddit */ = {
			isa = PBXNativeTarget;
			buildConfigurationList = 8FE51DBA200687DE000C1110 /* Build configuration list for PBXNativeTarget "Reddit" */;
			buildPhases = (
				8FE51D8E200687DE000C1110 /* Sources */,
				8FE51D8F200687DE000C1110 /* Frameworks */,
				8FE51D90200687DE000C1110 /* Resources */,
			);
			buildRules = (
			);
			dependencies = (
			);
			name = Reddit;
			productName = Reddit;
			productReference = 8FE51D92200687DE000C1110 /* Reddit.app */;
			productType = "com.apple.product-type.application";
		};
		8FE51DA5200687DE000C1110 /* RedditTests */ = {
			isa = PBXNativeTarget;
			buildConfigurationList = 8FE51DBD200687DE000C1110 /* Build configuration list for PBXNativeTarget "RedditTests" */;
			buildPhases = (
				8FE51DA2200687DE000C1110 /* Sources */,
				8FE51DA3200687DE000C1110 /* Frameworks */,
				8FE51DA4200687DE000C1110 /* Resources */,
			);
			buildRules = (
			);
			dependencies = (
				8FE51DA8200687DE000C1110 /* PBXTargetDependency */,
			);
			name = RedditTests;
			productName = RedditTests;
			productReference = 8FE51DA6200687DE000C1110 /* RedditTests.xctest */;
			productType = "com.apple.product-type.bundle.unit-test";
		};
		8FE51DB0200687DE000C1110 /* RedditUITests */ = {
			isa = PBXNativeTarget;
			buildConfigurationList = 8FE51DC0200687DE000C1110 /* Build configuration list for PBXNativeTarget "RedditUITests" */;
			buildPhases = (
				8FE51DAD200687DE000C1110 /* Sources */,
				8FE51DAE200687DE000C1110 /* Frameworks */,
				8FE51DAF200687DE000C1110 /* Resources */,
			);
			buildRules = (
			);
			dependencies = (
				8FE51DB3200687DE000C1110 /* PBXTargetDependency */,
			);
			name = RedditUITests;
			productName = RedditUITests;
			productReference = 8FE51DB1200687DE000C1110 /* RedditUITests.xctest */;
			productType = "com.apple.product-type.bundle.ui-testing";
		};
/* End PBXNativeTarget section */

/* Begin PBXProject section */
		8FE51D8A200687DE000C1110 /* Project object */ = {
			isa = PBXProject;
			attributes = {
				LastSwiftUpdateCheck = 0920;
				LastUpgradeCheck = 0920;
				ORGANIZATIONNAME = prokarma;
				TargetAttributes = {
					8FE51D91200687DE000C1110 = {
						CreatedOnToolsVersion = 9.2;
						ProvisioningStyle = Automatic;
					};
					8FE51DA5200687DE000C1110 = {
						CreatedOnToolsVersion = 9.2;
						ProvisioningStyle = Automatic;
						TestTargetID = 8FE51D91200687DE000C1110;
					};
					8FE51DB0200687DE000C1110 = {
						CreatedOnToolsVersion = 9.2;
						ProvisioningStyle = Automatic;
						TestTargetID = 8FE51D91200687DE000C1110;
					};
				};
			};
			buildConfigurationList = 8FE51D8D200687DE000C1110 /* Build configuration list for PBXProject "Reddit" */;
			compatibilityVersion = "Xcode 8.0";
			developmentRegion = en;
			hasScannedForEncodings = 0;
			knownRegions = (
				en,
				Base,
			);
			mainGroup = 8FE51D89200687DE000C1110;
			productRefGroup = 8FE51D93200687DE000C1110 /* Products */;
			projectDirPath = "";
			projectRoot = "";
			targets = (
				8FE51D91200687DE000C1110 /* Reddit */,
				8FE51DA5200687DE000C1110 /* RedditTests */,
				8FE51DB0200687DE000C1110 /* RedditUITests */,
			);
		};
/* End PBXProject section */

/* Begin PBXResourcesBuildPhase section */
		8FE51D90200687DE000C1110 /* Resources */ = {
			isa = PBXResourcesBuildPhase;
			buildActionMask = 2147483647;
			files = (
				8FE51DA0200687DE000C1110 /* LaunchScreen.storyboard in Resources */,
				8FE51D9D200687DE000C1110 /* Assets.xcassets in Resources */,
				8FE51D9B200687DE000C1110 /* Main.storyboard in Resources */,
			);
			runOnlyForDeploymentPostprocessing = 0;
		};
		8FE51DA4200687DE000C1110 /* Resources */ = {
			isa = PBXResourcesBuildPhase;
			buildActionMask = 2147483647;
			files = (
			);
			runOnlyForDeploymentPostprocessing = 0;
		};
		8FE51DAF200687DE000C1110 /* Resources */ = {
			isa = PBXResourcesBuildPhase;
			buildActionMask = 2147483647;
			files = (
			);
			runOnlyForDeploymentPostprocessing = 0;
		};
/* End PBXResourcesBuildPhase section */

/* Begin PBXSourcesBuildPhase section */
		8FE51D8E200687DE000C1110 /* Sources */ = {
			isa = PBXSourcesBuildPhase;
			buildActionMask = 2147483647;
			files = (
				8FE51D98200687DE000C1110 /* ViewController.swift in Sources */,
				8FE51D96200687DE000C1110 /* AppDelegate.swift in Sources */,
			);
			runOnlyForDeploymentPostprocessing = 0;
		};
		8FE51DA2200687DE000C1110 /* Sources */ = {
			isa = PBXSourcesBuildPhase;
			buildActionMask = 2147483647;
			files = (
				8FE51DAB200687DE000C1110 /* RedditTests.swift in Sources */,
			);
			runOnlyForDeploymentPostprocessing = 0;
		};
		8FE51DAD200687DE000C1110 /* Sources */ = {
			isa = PBXSourcesBuildPhase;
			buildActionMask = 2147483647;
			files = (
				8FE51DB6200687DE000C1110 /* RedditUITests.swift in Sources */,
			);
			runOnlyForDeploymentPostprocessing = 0;
		};
/* End PBXSourcesBuildPhase section */

/* Begin PBXTargetDependency section */
		8FE51DA8200687DE000C1110 /* PBXTargetDependency */ = {
			isa = PBXTargetDependency;
			target = 8FE51D91200687DE000C1110 /* Reddit */;
			targetProxy = 8FE51DA7200687DE000C1110 /* PBXContainerItemProxy */;
		};
		8FE51DB3200687DE000C1110 /* PBXTargetDependency */ = {
			isa = PBXTargetDependency;
			target = 8FE51D91200687DE000C1110 /* Reddit */;
			targetProxy = 8FE51DB2200687DE000C1110 /* PBXContainerItemProxy */;
		};
/* End PBXTargetDependency section */

/* Begin PBXVariantGroup section */
		8FE51D99200687DE000C1110 /* Main.storyboard */ = {
			isa = PBXVariantGroup;
			children = (
				8FE51D9A200687DE000C1110 /* Base */,
			);
			name = Main.storyboard;
			sourceTree = "<group>";
		};
		8FE51D9E200687DE000C1110 /* LaunchScreen.storyboard */ = {
			isa = PBXVariantGroup;
			children = (
				8FE51D9F200687DE000C1110 /* Base */,
			);
			name = LaunchScreen.storyboard;
			sourceTree = "<group>";
		};
/* End PBXVariantGroup section */

/* Begin XCBuildConfiguration section */
		8FE51DB8200687DE000C1110 /* Debug */ = {
			isa = XCBuildConfiguration;
			buildSettings = {
				ALWAYS_SEARCH_USER_PATHS = NO;
				CLANG_ANALYZER_NONNULL = YES;
				CLANG_ANALYZER_NUMBER_OBJECT_CONVERSION = YES_AGGRESSIVE;
				CLANG_CXX_LANGUAGE_STANDARD = "gnu++14";
				CLANG_CXX_LIBRARY = "libc++";
				CLANG_ENABLE_MODULES = YES;
				CLANG_ENABLE_OBJC_ARC = YES;
				CLANG_WARN_BLOCK_CAPTURE_AUTORELEASING = YES;
				CLANG_WARN_BOOL_CONVERSION = YES;
				CLANG_WARN_COMMA = YES;
				CLANG_WARN_CONSTANT_CONVERSION = YES;
				CLANG_WARN_DIRECT_OBJC_ISA_USAGE = YES_ERROR;
				CLANG_WARN_DOCUMENTATION_COMMENTS = YES;
				CLANG_WARN_EMPTY_BODY = YES;
				CLANG_WARN_ENUM_CONVERSION = YES;
				CLANG_WARN_INFINITE_RECURSION = YES;
				CLANG_WARN_INT_CONVERSION = YES;
				CLANG_WARN_NON_LITERAL_NULL_CONVERSION = YES;
				CLANG_WARN_OBJC_LITERAL_CONVERSION = YES;
				CLANG_WARN_OBJC_ROOT_CLASS = YES_ERROR;
				CLANG_WARN_RANGE_LOOP_ANALYSIS = YES;
				CLANG_WARN_STRICT_PROTOTYPES = YES;
				CLANG_WARN_SUSPICIOUS_MOVE = YES;
				CLANG_WARN_UNGUARDED_AVAILABILITY = YES_AGGRESSIVE;
				CLANG_WARN_UNREACHABLE_CODE = YES;
				CLANG_WARN__DUPLICATE_METHOD_MATCH = YES;
				CODE_SIGN_IDENTITY = "iPhone Developer";
				COPY_PHASE_STRIP = NO;
				DEBUG_INFORMATION_FORMAT = dwarf;
				ENABLE_STRICT_OBJC_MSGSEND = YES;
				ENABLE_TESTABILITY = YES;
				GCC_C_LANGUAGE_STANDARD = gnu11;
				GCC_DYNAMIC_NO_PIC = NO;
				GCC_NO_COMMON_BLOCKS = YES;
				GCC_OPTIMIZATION_LEVEL = 0;
				GCC_PREPROCESSOR_DEFINITIONS = (
					"DEBUG=1",
					"$(inherited)",
				);
				GCC_WARN_64_TO_32_BIT_CONVERSION = YES;
				GCC_WARN_ABOUT_RETURN_TYPE = YES_ERROR;
				GCC_WARN_UNDECLARED_SELECTOR = YES;
				GCC_WARN_UNINITIALIZED_AUTOS = YES_AGGRESSIVE;
				GCC_WARN_UNUSED_FUNCTION = YES;
				GCC_WARN_UNUSED_VARIABLE = YES;
				IPHONEOS_DEPLOYMENT_TARGET = 11.2;
				MTL_ENABLE_DEBUG_INFO = YES;
				ONLY_ACTIVE_ARCH = YES;
				SDKROOT = iphoneos;
				SWIFT_ACTIVE_COMPILATION_CONDITIONS = DEBUG;
				SWIFT_OPTIMIZATION_LEVEL = "-Onone";
			};
			name = Debug;
		};
		8FE51DB9200687DE000C1110 /* Release */ = {
			isa = XCBuildConfiguration;
			buildSettings = {
				ALWAYS_SEARCH_USER_PATHS = NO;
				CLANG_ANALYZER_NONNULL = YES;
				CLANG_ANALYZER_NUMBER_OBJECT_CONVERSION = YES_AGGRESSIVE;
				CLANG_CXX_LANGUAGE_STANDARD = "gnu++14";
				CLANG_CXX_LIBRARY = "libc++";
				CLANG_ENABLE_MODULES = YES;
				CLANG_ENABLE_OBJC_ARC = YES;
				CLANG_WARN_BLOCK_CAPTURE_AUTORELEASING = YES;
				CLANG_WARN_BOOL_CONVERSION = YES;
				CLANG_WARN_COMMA = YES;
				CLANG_WARN_CONSTANT_CONVERSION = YES;
				CLANG_WARN_DIRECT_OBJC_ISA_USAGE = YES_ERROR;
				CLANG_WARN_DOCUMENTATION_COMMENTS = YES;
				CLANG_WARN_EMPTY_BODY = YES;
				CLANG_WARN_ENUM_CONVERSION = YES;
				CLANG_WARN_INFINITE_RECURSION = YES;
				CLANG_WARN_INT_CONVERSION = YES;
				CLANG_WARN_NON_LITERAL_NULL_CONVERSION = YES;
				CLANG_WARN_OBJC_LITERAL_CONVERSION = YES;
				CLANG_WARN_OBJC_ROOT_CLASS = YES_ERROR;
				CLANG_WARN_RANGE_LOOP_ANALYSIS = YES;
				CLANG_WARN_STRICT_PROTOTYPES = YES;
				CLANG_WARN_SUSPICIOUS_MOVE = YES;
				CLANG_WARN_UNGUARDED_AVAILABILITY = YES_AGGRESSIVE;
				CLANG_WARN_UNREACHABLE_CODE = YES;
				CLANG_WARN__DUPLICATE_METHOD_MATCH = YES;
				CODE_SIGN_IDENTITY = "iPhone Developer";
				COPY_PHASE_STRIP = NO;
				DEBUG_INFORMATION_FORMAT = "dwarf-with-dsym";
				ENABLE_NS_ASSERTIONS = NO;
				ENABLE_STRICT_OBJC_MSGSEND = YES;
				GCC_C_LANGUAGE_STANDARD = gnu11;
				GCC_NO_COMMON_BLOCKS = YES;
				GCC_WARN_64_TO_32_BIT_CONVERSION = YES;
				GCC_WARN_ABOUT_RETURN_TYPE = YES_ERROR;
				GCC_WARN_UNDECLARED_SELECTOR = YES;
				GCC_WARN_UNINITIALIZED_AUTOS = YES_AGGRESSIVE;
				GCC_WARN_UNUSED_FUNCTION = YES;
				GCC_WARN_UNUSED_VARIABLE = YES;
				IPHONEOS_DEPLOYMENT_TARGET = 11.2;
				MTL_ENABLE_DEBUG_INFO = NO;
				SDKROOT = iphoneos;
				SWIFT_OPTIMIZATION_LEVEL = "-Owholemodule";
				VALIDATE_PRODUCT = YES;
			};
			name = Release;
		};
		8FE51DBB200687DE000C1110 /* Debug */ = {
			isa = XCBuildConfiguration;
			buildSettings = {
				ASSETCATALOG_COMPILER_APPICON_NAME = AppIcon;
				CODE_SIGN_STYLE = Automatic;
				DEVELOPMENT_TEAM = 4FFQ945XL7;
				INFOPLIST_FILE = Reddit/Info.plist;
				LD_RUNPATH_SEARCH_PATHS = "$(inherited) @executable_path/Frameworks";
				PRODUCT_BUNDLE_IDENTIFIER = com.prokarma.reddit.Reddit;
				PRODUCT_NAME = "$(TARGET_NAME)";
				SWIFT_VERSION = 4.0;
				TARGETED_DEVICE_FAMILY = "1,2";
			};
			name = Debug;
		};
		8FE51DBC200687DE000C1110 /* Release */ = {
			isa = XCBuildConfiguration;
			buildSettings = {
				ASSETCATALOG_COMPILER_APPICON_NAME = AppIcon;
				CODE_SIGN_STYLE = Automatic;
				DEVELOPMENT_TEAM = 4FFQ945XL7;
				INFOPLIST_FILE = Reddit/Info.plist;
				LD_RUNPATH_SEARCH_PATHS = "$(inherited) @executable_path/Frameworks";
				PRODUCT_BUNDLE_IDENTIFIER = com.prokarma.reddit.Reddit;
				PRODUCT_NAME = "$(TARGET_NAME)";
				SWIFT_VERSION = 4.0;
				TARGETED_DEVICE_FAMILY = "1,2";
			};
			name = Release;
		};
		8FE51DBE200687DE000C1110 /* Debug */ = {
			isa = XCBuildConfiguration;
			buildSettings = {
				ALWAYS_EMBED_SWIFT_STANDARD_LIBRARIES = YES;
				BUNDLE_LOADER = "$(TEST_HOST)";
				CODE_SIGN_STYLE = Automatic;
				DEVELOPMENT_TEAM = 4FFQ945XL7;
				INFOPLIST_FILE = RedditTests/Info.plist;
				LD_RUNPATH_SEARCH_PATHS = "$(inherited) @executable_path/Frameworks @loader_path/Frameworks";
				PRODUCT_BUNDLE_IDENTIFIER = com.prokarma.reddit.RedditTests;
				PRODUCT_NAME = "$(TARGET_NAME)";
				SWIFT_VERSION = 4.0;
				TARGETED_DEVICE_FAMILY = "1,2";
				TEST_HOST = "$(BUILT_PRODUCTS_DIR)/Reddit.app/Reddit";
			};
			name = Debug;
		};
		8FE51DBF200687DE000C1110 /* Release */ = {
			isa = XCBuildConfiguration;
			buildSettings = {
				ALWAYS_EMBED_SWIFT_STANDARD_LIBRARIES = YES;
				BUNDLE_LOADER = "$(TEST_HOST)";
				CODE_SIGN_STYLE = Automatic;
				DEVELOPMENT_TEAM = 4FFQ945XL7;
				INFOPLIST_FILE = RedditTests/Info.plist;
				LD_RUNPATH_SEARCH_PATHS = "$(inherited) @executable_path/Frameworks @loader_path/Frameworks";
				PRODUCT_BUNDLE_IDENTIFIER = com.prokarma.reddit.RedditTests;
				PRODUCT_NAME = "$(TARGET_NAME)";
				SWIFT_VERSION = 4.0;
				TARGETED_DEVICE_FAMILY = "1,2";
				TEST_HOST = "$(BUILT_PRODUCTS_DIR)/Reddit.app/Reddit";
			};
			name = Release;
		};
		8FE51DC1200687DE000C1110 /* Debug */ = {
			isa = XCBuildConfiguration;
			buildSettings = {
				ALWAYS_EMBED_SWIFT_STANDARD_LIBRARIES = YES;
				CODE_SIGN_STYLE = Automatic;
				DEVELOPMENT_TEAM = 4FFQ945XL7;
				INFOPLIST_FILE = RedditUITests/Info.plist;
				LD_RUNPATH_SEARCH_PATHS = "$(inherited) @executable_path/Frameworks @loader_path/Frameworks";
				PRODUCT_BUNDLE_IDENTIFIER = com.prokarma.reddit.RedditUITests;
				PRODUCT_NAME = "$(TARGET_NAME)";
				SWIFT_VERSION = 4.0;
				TARGETED_DEVICE_FAMILY = "1,2";
				TEST_TARGET_NAME = Reddit;
			};
			name = Debug;
		};
		8FE51DC2200687DE000C1110 /* Release */ = {
			isa = XCBuildConfiguration;
			buildSettings = {
				ALWAYS_EMBED_SWIFT_STANDARD_LIBRARIES = YES;
				CODE_SIGN_STYLE = Automatic;
				DEVELOPMENT_TEAM = 4FFQ945XL7;
				INFOPLIST_FILE = RedditUITests/Info.plist;
				LD_RUNPATH_SEARCH_PATHS = "$(inherited) @executable_path/Frameworks @loader_path/Frameworks";
				PRODUCT_BUNDLE_IDENTIFIER = com.prokarma.reddit.RedditUITests;
				PRODUCT_NAME = "$(TARGET_NAME)";
				SWIFT_VERSION = 4.0;
				TARGETED_DEVICE_FAMILY = "1,2";
				TEST_TARGET_NAME = Reddit;
			};
			name = Release;
		};
/* End XCBuildConfiguration section */

/* Begin XCConfigurationList section */
		8FE51D8D200687DE000C1110 /* Build configuration list for PBXProject "Reddit" */ = {
			isa = XCConfigurationList;
			buildConfigurations = (
				8FE51DB8200687DE000C1110 /* Debug */,
				8FE51DB9200687DE000C1110 /* Release */,
			);
			defaultConfigurationIsVisible = 0;
			defaultConfigurationName = Release;
		};
		8FE51DBA200687DE000C1110 /* Build configuration list for PBXNativeTarget "Reddit" */ = {
			isa = XCConfigurationList;
			buildConfigurations = (
				8FE51DBB200687DE000C1110 /* Debug */,
				8FE51DBC200687DE000C1110 /* Release */,
			);
			defaultConfigurationIsVisible = 0;
			defaultConfigurationName = Release;
		};
		8FE51DBD200687DE000C1110 /* Build configuration list for PBXNativeTarget "RedditTests" */ = {
			isa = XCConfigurationList;
			buildConfigurations = (
				8FE51DBE200687DE000C1110 /* Debug */,
				8FE51DBF200687DE000C1110 /* Release */,
			);
			defaultConfigurationIsVisible = 0;
			defaultConfigurationName = Release;
		};
		8FE51DC0200687DE000C1110 /* Build configuration list for PBXNativeTarget "RedditUITests" */ = {
			isa = XCConfigurationList;
			buildConfigurations = (
				8FE51DC1200687DE000C1110 /* Debug */,
				8FE51DC2200687DE000C1110 /* Release */,
			);
			defaultConfigurationIsVisible = 0;
			defaultConfigurationName = Release;
		};
/* End XCConfigurationList section */
	};
	rootObject = 8FE51D8A200687DE000C1110 /* Project object */;
}
